
Microsoft Visual Studio Solution File, Format Version 12.00
# Visual Studio Version 16
VisualStudioVersion = 16.0.32228.343
MinimumVisualStudioVersion = 10.0.40219.1
Project("{FAE04EC0-301F-11D3-BF4B-00C04F79EFBC}") = "EncryptDecryptProject", "EncryptDecryptProject\EncryptDecryptProject.csproj", "{06EAD584-DF94-45F1-BD48-EA78E6147FAE}"
EndProject
Global
	GlobalSection(SolutionConfigurationPlatforms) = preSolution
		Debug|Any CPU = Debug|Any CPU
		Release|Any CPU = Release|Any CPU
	EndGlobalSection
	GlobalSection(ProjectConfigurationPlatforms) = postSolution
		{06EAD584-DF94-45F1-BD48-EA78E6147FAE}.Debug|Any CPU.ActiveCfg = Debug|Any CPU
		{06EAD584-DF94-45F1-BD48-EA78E6147FAE}.Debug|Any CPU.Build.0 = Debug|Any CPU
		{06EAD584-DF94-45F1-BD48-EA78E6147FAE}.Release|Any CPU.ActiveCfg = Release|Any CPU
		{06EAD584-DF94-45F1-BD48-EA78E6147FAE}.Release|Any CPU.Build.0 = Release|Any CPU
	EndGlobalSection
	GlobalSection(SolutionProperties) = preSolution
		HideSolutionNode = FALSE
	EndGlobalSection
	GlobalSection(ExtensibilityGlobals) = postSolution
		SolutionGuid = {F4AFE9C3-5B20-43DF-A9E0-0F260FB6D8D5}
	EndGlobalSection
EndGlobal
